
Microsoft Visual Studio Solution File, Format Version 12.00
# Visual Studio Version 16
VisualStudioVersion = 16.0.30104.148
MinimumVisualStudioVersion = 10.0.40219.1
Project("{888888A0-9F3D-457C-B088-3A5042F75D52}") = "tensorflowexample", "tensorflowexample.pyproj", "{84430F31-C3B9-4E5C-8990-6F68B6DFB980}"
EndProject
Global
	GlobalSection(SolutionConfigurationPlatforms) = preSolution
		Debug|Any CPU = Debug|Any CPU
		Release|Any CPU = Release|Any CPU
	EndGlobalSection
	GlobalSection(ProjectConfigurationPlatforms) = postSolution
		{84430F31-C3B9-4E5C-8990-6F68B6DFB980}.Debug|Any CPU.ActiveCfg = Debug|Any CPU
		{84430F31-C3B9-4E5C-8990-6F68B6DFB980}.Release|Any CPU.ActiveCfg = Release|Any CPU
	EndGlobalSection
	GlobalSection(SolutionProperties) = preSolution
		HideSolutionNode = FALSE
	EndGlobalSection
	GlobalSection(ExtensibilityGlobals) = postSolution
		SolutionGuid = {82A3A6C6-8064-467A-9B1E-7725BEA64BC0}
	EndGlobalSection
EndGlobal
